// !$*UTF8*$!
{
	archiveVersion = 1;
	classes = {
	};
	objectVersion = 46;
	objects = {

/* Begin PBXBuildFile section */
		A7E06C7D1C5A6EB300EBDCC2 /* AppDelegate.swift in Sources */ = {isa = PBXBuildFile; fileRef = A7E06C7C1C5A6EB300EBDCC2 /* AppDelegate.swift */; };
		A7E06C7F1C5A6EB300EBDCC2 /* ViewController.swift in Sources */ = {isa = PBXBuildFile; fileRef = A7E06C7E1C5A6EB300EBDCC2 /* ViewController.swift */; };
		A7E06C821C5A6EB300EBDCC2 /* Main.storyboard in Resources */ = {isa = PBXBuildFile; fileRef = A7E06C801C5A6EB300EBDCC2 /* Main.storyboard */; };
		A7E06C841C5A6EB300EBDCC2 /* Assets.xcassets in Resources */ = {isa = PBXBuildFile; fileRef = A7E06C831C5A6EB300EBDCC2 /* Assets.xcassets */; };
		A7E06C8F1C5A6EB300EBDCC2 /* kickstartertvTests.swift in Sources */ = {isa = PBXBuildFile; fileRef = A7E06C8E1C5A6EB300EBDCC2 /* kickstartertvTests.swift */; };
		A7E06C9A1C5A6EB300EBDCC2 /* kickstartertvUITests.swift in Sources */ = {isa = PBXBuildFile; fileRef = A7E06C991C5A6EB300EBDCC2 /* kickstartertvUITests.swift */; };
/* End PBXBuildFile section */

/* Begin PBXContainerItemProxy section */
		A7E06C8B1C5A6EB300EBDCC2 /* PBXContainerItemProxy */ = {
			isa = PBXContainerItemProxy;
			containerPortal = A7E06C711C5A6EB300EBDCC2 /* Project object */;
			proxyType = 1;
			remoteGlobalIDString = A7E06C781C5A6EB300EBDCC2;
			remoteInfo = kickstartertv;
		};
		A7E06C961C5A6EB300EBDCC2 /* PBXContainerItemProxy */ = {
			isa = PBXContainerItemProxy;
			containerPortal = A7E06C711C5A6EB300EBDCC2 /* Project object */;
			proxyType = 1;
			remoteGlobalIDString = A7E06C781C5A6EB300EBDCC2;
			remoteInfo = kickstartertv;
		};
/* End PBXContainerItemProxy section */

/* Begin PBXFileReference section */
		A7E06C791C5A6EB300EBDCC2 /* kickstartertv.app */ = {isa = PBXFileReference; explicitFileType = wrapper.application; includeInIndex = 0; path = kickstartertv.app; sourceTree = BUILT_PRODUCTS_DIR; };
		A7E06C7C1C5A6EB300EBDCC2 /* AppDelegate.swift */ = {isa = PBXFileReference; lastKnownFileType = sourcecode.swift; path = AppDelegate.swift; sourceTree = "<group>"; };
		A7E06C7E1C5A6EB300EBDCC2 /* ViewController.swift */ = {isa = PBXFileReference; lastKnownFileType = sourcecode.swift; path = ViewController.swift; sourceTree = "<group>"; };
		A7E06C811C5A6EB300EBDCC2 /* Base */ = {isa = PBXFileReference; lastKnownFileType = file.storyboard; name = Base; path = Base.lproj/Main.storyboard; sourceTree = "<group>"; };
		A7E06C831C5A6EB300EBDCC2 /* Assets.xcassets */ = {isa = PBXFileReference; lastKnownFileType = folder.assetcatalog; path = Assets.xcassets; sourceTree = "<group>"; };
		A7E06C851C5A6EB300EBDCC2 /* Info.plist */ = {isa = PBXFileReference; lastKnownFileType = text.plist.xml; path = Info.plist; sourceTree = "<group>"; };
		A7E06C8A1C5A6EB300EBDCC2 /* kickstartertvTests.xctest */ = {isa = PBXFileReference; explicitFileType = wrapper.cfbundle; includeInIndex = 0; path = kickstartertvTests.xctest; sourceTree = BUILT_PRODUCTS_DIR; };
		A7E06C8E1C5A6EB300EBDCC2 /* kickstartertvTests.swift */ = {isa = PBXFileReference; lastKnownFileType = sourcecode.swift; path = kickstartertvTests.swift; sourceTree = "<group>"; };
		A7E06C901C5A6EB300EBDCC2 /* Info.plist */ = {isa = PBXFileReference; lastKnownFileType = text.plist.xml; path = Info.plist; sourceTree = "<group>"; };
		A7E06C951C5A6EB300EBDCC2 /* kickstartertvUITests.xctest */ = {isa = PBXFileReference; explicitFileType = wrapper.cfbundle; includeInIndex = 0; path = kickstartertvUITests.xctest; sourceTree = BUILT_PRODUCTS_DIR; };
		A7E06C991C5A6EB300EBDCC2 /* kickstartertvUITests.swift */ = {isa = PBXFileReference; lastKnownFileType = sourcecode.swift; path = kickstartertvUITests.swift; sourceTree = "<group>"; };
		A7E06C9B1C5A6EB300EBDCC2 /* Info.plist */ = {isa = PBXFileReference; lastKnownFileType = text.plist.xml; path = Info.plist; sourceTree = "<group>"; };
/* End PBXFileReference section */

/* Begin PBXFrameworksBuildPhase section */
		A7E06C761C5A6EB300EBDCC2 /* Frameworks */ = {
			isa = PBXFrameworksBuildPhase;
			buildActionMask = 2147483647;
			files = (
			);
			runOnlyForDeploymentPostprocessing = 0;
		};
		A7E06C871C5A6EB300EBDCC2 /* Frameworks */ = {
			isa = PBXFrameworksBuildPhase;
			buildActionMask = 2147483647;
			files = (
			);
			runOnlyForDeploymentPostprocessing = 0;
		};
		A7E06C921C5A6EB300EBDCC2 /* Frameworks */ = {
			isa = PBXFrameworksBuildPhase;
			buildActionMask = 2147483647;
			files = (
			);
			runOnlyForDeploymentPostprocessing = 0;
		};
/* End PBXFrameworksBuildPhase section */

/* Begin PBXGroup section */
		A7E06C701C5A6EB300EBDCC2 = {
			isa = PBXGroup;
			children = (
				A7E06C7B1C5A6EB300EBDCC2 /* kickstartertv */,
				A7E06C8D1C5A6EB300EBDCC2 /* kickstartertvTests */,
				A7E06C981C5A6EB300EBDCC2 /* kickstartertvUITests */,
				A7E06C7A1C5A6EB300EBDCC2 /* Products */,
			);
			sourceTree = "<group>";
		};
		A7E06C7A1C5A6EB300EBDCC2 /* Products */ = {
			isa = PBXGroup;
			children = (
				A7E06C791C5A6EB300EBDCC2 /* kickstartertv.app */,
				A7E06C8A1C5A6EB300EBDCC2 /* kickstartertvTests.xctest */,
				A7E06C951C5A6EB300EBDCC2 /* kickstartertvUITests.xctest */,
			);
			name = Products;
			sourceTree = "<group>";
		};
		A7E06C7B1C5A6EB300EBDCC2 /* kickstartertv */ = {
			isa = PBXGroup;
			children = (
				A7E06C7C1C5A6EB300EBDCC2 /* AppDelegate.swift */,
				A7E06C7E1C5A6EB300EBDCC2 /* ViewController.swift */,
				A7E06C801C5A6EB300EBDCC2 /* Main.storyboard */,
				A7E06C831C5A6EB300EBDCC2 /* Assets.xcassets */,
				A7E06C851C5A6EB300EBDCC2 /* Info.plist */,
			);
			path = kickstartertv;
			sourceTree = "<group>";
		};
		A7E06C8D1C5A6EB300EBDCC2 /* kickstartertvTests */ = {
			isa = PBXGroup;
			children = (
				A7E06C8E1C5A6EB300EBDCC2 /* kickstartertvTests.swift */,
				A7E06C901C5A6EB300EBDCC2 /* Info.plist */,
			);
			path = kickstartertvTests;
			sourceTree = "<group>";
		};
		A7E06C981C5A6EB300EBDCC2 /* kickstartertvUITests */ = {
			isa = PBXGroup;
			children = (
				A7E06C991C5A6EB300EBDCC2 /* kickstartertvUITests.swift */,
				A7E06C9B1C5A6EB300EBDCC2 /* Info.plist */,
			);
			path = kickstartertvUITests;
			sourceTree = "<group>";
		};
/* End PBXGroup section */

/* Begin PBXNativeTarget section */
		A7E06C781C5A6EB300EBDCC2 /* kickstartertv */ = {
			isa = PBXNativeTarget;
			buildConfigurationList = A7E06C9E1C5A6EB300EBDCC2 /* Build configuration list for PBXNativeTarget "kickstartertv" */;
			buildPhases = (
				A7E06C751C5A6EB300EBDCC2 /* Sources */,
				A7E06C761C5A6EB300EBDCC2 /* Frameworks */,
				A7E06C771C5A6EB300EBDCC2 /* Resources */,
			);
			buildRules = (
			);
			dependencies = (
			);
			name = kickstartertv;
			productName = kickstartertv;
			productReference = A7E06C791C5A6EB300EBDCC2 /* kickstartertv.app */;
			productType = "com.apple.product-type.application";
		};
		A7E06C891C5A6EB300EBDCC2 /* kickstartertvTests */ = {
			isa = PBXNativeTarget;
			buildConfigurationList = A7E06CA11C5A6EB300EBDCC2 /* Build configuration list for PBXNativeTarget "kickstartertvTests" */;
			buildPhases = (
				A7E06C861C5A6EB300EBDCC2 /* Sources */,
				A7E06C871C5A6EB300EBDCC2 /* Frameworks */,
				A7E06C881C5A6EB300EBDCC2 /* Resources */,
			);
			buildRules = (
			);
			dependencies = (
				A7E06C8C1C5A6EB300EBDCC2 /* PBXTargetDependency */,
			);
			name = kickstartertvTests;
			productName = kickstartertvTests;
			productReference = A7E06C8A1C5A6EB300EBDCC2 /* kickstartertvTests.xctest */;
			productType = "com.apple.product-type.bundle.unit-test";
		};
		A7E06C941C5A6EB300EBDCC2 /* kickstartertvUITests */ = {
			isa = PBXNativeTarget;
			buildConfigurationList = A7E06CA41C5A6EB300EBDCC2 /* Build configuration list for PBXNativeTarget "kickstartertvUITests" */;
			buildPhases = (
				A7E06C911C5A6EB300EBDCC2 /* Sources */,
				A7E06C921C5A6EB300EBDCC2 /* Frameworks */,
				A7E06C931C5A6EB300EBDCC2 /* Resources */,
			);
			buildRules = (
			);
			dependencies = (
				A7E06C971C5A6EB300EBDCC2 /* PBXTargetDependency */,
			);
			name = kickstartertvUITests;
			productName = kickstartertvUITests;
			productReference = A7E06C951C5A6EB300EBDCC2 /* kickstartertvUITests.xctest */;
			productType = "com.apple.product-type.bundle.ui-testing";
		};
/* End PBXNativeTarget section */

/* Begin PBXProject section */
		A7E06C711C5A6EB300EBDCC2 /* Project object */ = {
			isa = PBXProject;
			attributes = {
				LastSwiftUpdateCheck = 0720;
				LastUpgradeCheck = 0720;
				ORGANIZATIONNAME = Kickstarter;
				TargetAttributes = {
					A7E06C781C5A6EB300EBDCC2 = {
						CreatedOnToolsVersion = 7.2;
					};
					A7E06C891C5A6EB300EBDCC2 = {
						CreatedOnToolsVersion = 7.2;
						TestTargetID = A7E06C781C5A6EB300EBDCC2;
					};
					A7E06C941C5A6EB300EBDCC2 = {
						CreatedOnToolsVersion = 7.2;
						TestTargetID = A7E06C781C5A6EB300EBDCC2;
					};
				};
			};
			buildConfigurationList = A7E06C741C5A6EB300EBDCC2 /* Build configuration list for PBXProject "kickstartertv" */;
			compatibilityVersion = "Xcode 3.2";
			developmentRegion = English;
			hasScannedForEncodings = 0;
			knownRegions = (
				en,
				Base,
			);
			mainGroup = A7E06C701C5A6EB300EBDCC2;
			productRefGroup = A7E06C7A1C5A6EB300EBDCC2 /* Products */;
			projectDirPath = "";
			projectRoot = "";
			targets = (
				A7E06C781C5A6EB300EBDCC2 /* kickstartertv */,
				A7E06C891C5A6EB300EBDCC2 /* kickstartertvTests */,
				A7E06C941C5A6EB300EBDCC2 /* kickstartertvUITests */,
			);
		};
/* End PBXProject section */

/* Begin PBXResourcesBuildPhase section */
		A7E06C771C5A6EB300EBDCC2 /* Resources */ = {
			isa = PBXResourcesBuildPhase;
			buildActionMask = 2147483647;
			files = (
				A7E06C841C5A6EB300EBDCC2 /* Assets.xcassets in Resources */,
				A7E06C821C5A6EB300EBDCC2 /* Main.storyboard in Resources */,
			);
			runOnlyForDeploymentPostprocessing = 0;
		};
		A7E06C881C5A6EB300EBDCC2 /* Resources */ = {
			isa = PBXResourcesBuildPhase;
			buildActionMask = 2147483647;
			files = (
			);
			runOnlyForDeploymentPostprocessing = 0;
		};
		A7E06C931C5A6EB300EBDCC2 /* Resources */ = {
			isa = PBXResourcesBuildPhase;
			buildActionMask = 2147483647;
			files = (
			);
			runOnlyForDeploymentPostprocessing = 0;
		};
/* End PBXResourcesBuildPhase section */

/* Begin PBXSourcesBuildPhase section */
		A7E06C751C5A6EB300EBDCC2 /* Sources */ = {
			isa = PBXSourcesBuildPhase;
			buildActionMask = 2147483647;
			files = (
				A7E06C7F1C5A6EB300EBDCC2 /* ViewController.swift in Sources */,
				A7E06C7D1C5A6EB300EBDCC2 /* AppDelegate.swift in Sources */,
			);
			runOnlyForDeploymentPostprocessing = 0;
		};
		A7E06C861C5A6EB300EBDCC2 /* Sources */ = {
			isa = PBXSourcesBuildPhase;
			buildActionMask = 2147483647;
			files = (
				A7E06C8F1C5A6EB300EBDCC2 /* kickstartertvTests.swift in Sources */,
			);
			runOnlyForDeploymentPostprocessing = 0;
		};
		A7E06C911C5A6EB300EBDCC2 /* Sources */ = {
			isa = PBXSourcesBuildPhase;
			buildActionMask = 2147483647;
			files = (
				A7E06C9A1C5A6EB300EBDCC2 /* kickstartertvUITests.swift in Sources */,
			);
			runOnlyForDeploymentPostprocessing = 0;
		};
/* End PBXSourcesBuildPhase section */

/* Begin PBXTargetDependency section */
		A7E06C8C1C5A6EB300EBDCC2 /* PBXTargetDependency */ = {
			isa = PBXTargetDependency;
			target = A7E06C781C5A6EB300EBDCC2 /* kickstartertv */;
			targetProxy = A7E06C8B1C5A6EB300EBDCC2 /* PBXContainerItemProxy */;
		};
		A7E06C971C5A6EB300EBDCC2 /* PBXTargetDependency */ = {
			isa = PBXTargetDependency;
			target = A7E06C781C5A6EB300EBDCC2 /* kickstartertv */;
			targetProxy = A7E06C961C5A6EB300EBDCC2 /* PBXContainerItemProxy */;
		};
/* End PBXTargetDependency section */

/* Begin PBXVariantGroup section */
		A7E06C801C5A6EB300EBDCC2 /* Main.storyboard */ = {
			isa = PBXVariantGroup;
			children = (
				A7E06C811C5A6EB300EBDCC2 /* Base */,
			);
			name = Main.storyboard;
			sourceTree = "<group>";
		};
/* End PBXVariantGroup section */

/* Begin XCBuildConfiguration section */
		A7E06C9C1C5A6EB300EBDCC2 /* Debug */ = {
			isa = XCBuildConfiguration;
			buildSettings = {
				ALWAYS_SEARCH_USER_PATHS = NO;
				CLANG_CXX_LANGUAGE_STANDARD = "gnu++0x";
				CLANG_CXX_LIBRARY = "libc++";
				CLANG_ENABLE_MODULES = YES;
				CLANG_ENABLE_OBJC_ARC = YES;
				CLANG_WARN_BOOL_CONVERSION = YES;
				CLANG_WARN_CONSTANT_CONVERSION = YES;
				CLANG_WARN_DIRECT_OBJC_ISA_USAGE = YES_ERROR;
				CLANG_WARN_EMPTY_BODY = YES;
				CLANG_WARN_ENUM_CONVERSION = YES;
				CLANG_WARN_INT_CONVERSION = YES;
				CLANG_WARN_OBJC_ROOT_CLASS = YES_ERROR;
				CLANG_WARN_UNREACHABLE_CODE = YES;
				CLANG_WARN__DUPLICATE_METHOD_MATCH = YES;
				COPY_PHASE_STRIP = NO;
				DEBUG_INFORMATION_FORMAT = dwarf;
				ENABLE_STRICT_OBJC_MSGSEND = YES;
				ENABLE_TESTABILITY = YES;
				GCC_C_LANGUAGE_STANDARD = gnu99;
				GCC_DYNAMIC_NO_PIC = NO;
				GCC_NO_COMMON_BLOCKS = YES;
				GCC_OPTIMIZATION_LEVEL = 0;
				GCC_PREPROCESSOR_DEFINITIONS = (
					"DEBUG=1",
					"$(inherited)",
				);
				GCC_WARN_64_TO_32_BIT_CONVERSION = YES;
				GCC_WARN_ABOUT_RETURN_TYPE = YES_ERROR;
				GCC_WARN_UNDECLARED_SELECTOR = YES;
				GCC_WARN_UNINITIALIZED_AUTOS = YES_AGGRESSIVE;
				GCC_WARN_UNUSED_FUNCTION = YES;
				GCC_WARN_UNUSED_VARIABLE = YES;
				MTL_ENABLE_DEBUG_INFO = YES;
				ONLY_ACTIVE_ARCH = YES;
				SDKROOT = appletvos;
				SWIFT_OPTIMIZATION_LEVEL = "-Onone";
				TARGETED_DEVICE_FAMILY = 3;
				TVOS_DEPLOYMENT_TARGET = 9.1;
			};
			name = Debug;
		};
		A7E06C9D1C5A6EB300EBDCC2 /* Release */ = {
			isa = XCBuildConfiguration;
			buildSettings = {
				ALWAYS_SEARCH_USER_PATHS = NO;
				CLANG_CXX_LANGUAGE_STANDARD = "gnu++0x";
				CLANG_CXX_LIBRARY = "libc++";
				CLANG_ENABLE_MODULES = YES;
				CLANG_ENABLE_OBJC_ARC = YES;
				CLANG_WARN_BOOL_CONVERSION = YES;
				CLANG_WARN_CONSTANT_CONVERSION = YES;
				CLANG_WARN_DIRECT_OBJC_ISA_USAGE = YES_ERROR;
				CLANG_WARN_EMPTY_BODY = YES;
				CLANG_WARN_ENUM_CONVERSION = YES;
				CLANG_WARN_INT_CONVERSION = YES;
				CLANG_WARN_OBJC_ROOT_CLASS = YES_ERROR;
				CLANG_WARN_UNREACHABLE_CODE = YES;
				CLANG_WARN__DUPLICATE_METHOD_MATCH = YES;
				COPY_PHASE_STRIP = NO;
				DEBUG_INFORMATION_FORMAT = "dwarf-with-dsym";
				ENABLE_NS_ASSERTIONS = NO;
				ENABLE_STRICT_OBJC_MSGSEND = YES;
				GCC_C_LANGUAGE_STANDARD = gnu99;
				GCC_NO_COMMON_BLOCKS = YES;
				GCC_WARN_64_TO_32_BIT_CONVERSION = YES;
				GCC_WARN_ABOUT_RETURN_TYPE = YES_ERROR;
				GCC_WARN_UNDECLARED_SELECTOR = YES;
				GCC_WARN_UNINITIALIZED_AUTOS = YES_AGGRESSIVE;
				GCC_WARN_UNUSED_FUNCTION = YES;
				GCC_WARN_UNUSED_VARIABLE = YES;
				MTL_ENABLE_DEBUG_INFO = NO;
				SDKROOT = appletvos;
				TARGETED_DEVICE_FAMILY = 3;
				TVOS_DEPLOYMENT_TARGET = 9.1;
				VALIDATE_PRODUCT = YES;
			};
			name = Release;
		};
		A7E06C9F1C5A6EB300EBDCC2 /* Debug */ = {
			isa = XCBuildConfiguration;
			buildSettings = {
				ASSETCATALOG_COMPILER_APPICON_NAME = "App Icon & Top Shelf Image";
				ASSETCATALOG_COMPILER_LAUNCHIMAGE_NAME = LaunchImage;
				INFOPLIST_FILE = kickstartertv/Info.plist;
				LD_RUNPATH_SEARCH_PATHS = "$(inherited) @executable_path/Frameworks";
				PRODUCT_BUNDLE_IDENTIFIER = com.kickstarter.kickstartertv;
				PRODUCT_NAME = "$(TARGET_NAME)";
			};
			name = Debug;
		};
		A7E06CA01C5A6EB300EBDCC2 /* Release */ = {
			isa = XCBuildConfiguration;
			buildSettings = {
				ASSETCATALOG_COMPILER_APPICON_NAME = "App Icon & Top Shelf Image";
				ASSETCATALOG_COMPILER_LAUNCHIMAGE_NAME = LaunchImage;
				INFOPLIST_FILE = kickstartertv/Info.plist;
				LD_RUNPATH_SEARCH_PATHS = "$(inherited) @executable_path/Frameworks";
				PRODUCT_BUNDLE_IDENTIFIER = com.kickstarter.kickstartertv;
				PRODUCT_NAME = "$(TARGET_NAME)";
			};
			name = Release;
		};
		A7E06CA21C5A6EB300EBDCC2 /* Debug */ = {
			isa = XCBuildConfiguration;
			buildSettings = {
				BUNDLE_LOADER = "$(TEST_HOST)";
				INFOPLIST_FILE = kickstartertvTests/Info.plist;
				LD_RUNPATH_SEARCH_PATHS = "$(inherited) @executable_path/Frameworks @loader_path/Frameworks";
				PRODUCT_BUNDLE_IDENTIFIER = com.kickstarter.kickstartertvTests;
				PRODUCT_NAME = "$(TARGET_NAME)";
				TEST_HOST = "$(BUILT_PRODUCTS_DIR)/kickstartertv.app/kickstartertv";
			};
			name = Debug;
		};
		A7E06CA31C5A6EB300EBDCC2 /* Release */ = {
			isa = XCBuildConfiguration;
			buildSettings = {
				BUNDLE_LOADER = "$(TEST_HOST)";
				INFOPLIST_FILE = kickstartertvTests/Info.plist;
				LD_RUNPATH_SEARCH_PATHS = "$(inherited) @executable_path/Frameworks @loader_path/Frameworks";
				PRODUCT_BUNDLE_IDENTIFIER = com.kickstarter.kickstartertvTests;
				PRODUCT_NAME = "$(TARGET_NAME)";
				TEST_HOST = "$(BUILT_PRODUCTS_DIR)/kickstartertv.app/kickstartertv";
			};
			name = Release;
		};
		A7E06CA51C5A6EB300EBDCC2 /* Debug */ = {
			isa = XCBuildConfiguration;
			buildSettings = {
				INFOPLIST_FILE = kickstartertvUITests/Info.plist;
				LD_RUNPATH_SEARCH_PATHS = "$(inherited) @executable_path/Frameworks @loader_path/Frameworks";
				PRODUCT_BUNDLE_IDENTIFIER = com.kickstarter.kickstartertvUITests;
				PRODUCT_NAME = "$(TARGET_NAME)";
				TEST_TARGET_NAME = kickstartertv;
				USES_XCTRUNNER = YES;
			};
			name = Debug;
		};
		A7E06CA61C5A6EB300EBDCC2 /* Release */ = {
			isa = XCBuildConfiguration;
			buildSettings = {
				INFOPLIST_FILE = kickstartertvUITests/Info.plist;
				LD_RUNPATH_SEARCH_PATHS = "$(inherited) @executable_path/Frameworks @loader_path/Frameworks";
				PRODUCT_BUNDLE_IDENTIFIER = com.kickstarter.kickstartertvUITests;
				PRODUCT_NAME = "$(TARGET_NAME)";
				TEST_TARGET_NAME = kickstartertv;
				USES_XCTRUNNER = YES;
			};
			name = Release;
		};
/* End XCBuildConfiguration section */

/* Begin XCConfigurationList section */
		A7E06C741C5A6EB300EBDCC2 /* Build configuration list for PBXProject "kickstartertv" */ = {
			isa = XCConfigurationList;
			buildConfigurations = (
				A7E06C9C1C5A6EB300EBDCC2 /* Debug */,
				A7E06C9D1C5A6EB300EBDCC2 /* Release */,
			);
			defaultConfigurationIsVisible = 0;
			defaultConfigurationName = Release;
		};
		A7E06C9E1C5A6EB300EBDCC2 /* Build configuration list for PBXNativeTarget "kickstartertv" */ = {
			isa = XCConfigurationList;
			buildConfigurations = (
				A7E06C9F1C5A6EB300EBDCC2 /* Debug */,
				A7E06CA01C5A6EB300EBDCC2 /* Release */,
			);
			defaultConfigurationIsVisible = 0;
		};
		A7E06CA11C5A6EB300EBDCC2 /* Build configuration list for PBXNativeTarget "kickstartertvTests" */ = {
			isa = XCConfigurationList;
			buildConfigurations = (
				A7E06CA21C5A6EB300EBDCC2 /* Debug */,
				A7E06CA31C5A6EB300EBDCC2 /* Release */,
			);
			defaultConfigurationIsVisible = 0;
		};
		A7E06CA41C5A6EB300EBDCC2 /* Build configuration list for PBXNativeTarget "kickstartertvUITests" */ = {
			isa = XCConfigurationList;
			buildConfigurations = (
				A7E06CA51C5A6EB300EBDCC2 /* Debug */,
				A7E06CA61C5A6EB300EBDCC2 /* Release */,
			);
			defaultConfigurationIsVisible = 0;
		};
/* End XCConfigurationList section */
	};
	rootObject = A7E06C711C5A6EB300EBDCC2 /* Project object */;
}
