{
  "originHash" : "85e03e5979bcfae4a3473e601d576d3b5724ab6f068716cc6b543f956f42b44a",
  "pins" : [
    {
      "identity" : "abseil-cpp-binary",
      "kind" : "remoteSourceControl",
      "location" : "https://github.com/google/abseil-cpp-binary.git",
      "state" : {
        "revision" : "bbe8b69694d7873315fd3a4ad41efe043e1c07c5",
        "version" : "1.2024072200.0"
      }
    },
    {
      "identity" : "alamofire",
      "kind" : "remoteSourceControl",
      "location" : "https://github.com/Alamofire/Alamofire.git",
      "state" : {
        "revision" : "e938f8c66708e7352fc7e3512647fa54255b267a",
        "version" : "5.11.2"
      }
    },
    {
      "identity" : "alamofireimage",
      "kind" : "remoteSourceControl",
      "location" : "https://github.com/Alamofire/AlamofireImage",
      "state" : {
        "revision" : "4cf73d601c482b7d77bae47de3ef1b8bcf328ec1",
        "version" : "4.4.0"
      }
    },
    {
      "identity" : "analytics-swift",
      "kind" : "remoteSourceControl",
      "location" : "https://github.com/segmentio/analytics-swift",
      "state" : {
        "revision" : "acfd5fc1baaf78520d962884672ce1224745c5d1",
        "version" : "1.9.3"
      }
    },
    {
      "identity" : "apollo-ios",
      "kind" : "remoteSourceControl",
      "location" : "https://github.com/apollographql/apollo-ios.git",
      "state" : {
        "revision" : "eedde2151859011a44bb7cb05388deb2bf532644",
        "version" : "1.9.3"
      }
    },
    {
      "identity" : "app-check",
      "kind" : "remoteSourceControl",
      "location" : "https://github.com/google/app-check.git",
      "state" : {
        "revision" : "61b85103a1aeed8218f17c794687781505fbbef5",
        "version" : "11.2.0"
      }
    },
    {
      "identity" : "braze-segment-swift",
      "kind" : "remoteSourceControl",
      "location" : "https://github.com/braze-inc/braze-segment-swift",
      "state" : {
        "revision" : "6579644caad51c099a3067f5516e7b70f496282e",
        "version" : "6.0.0"
      }
    },
    {
      "identity" : "braze-swift-sdk",
      "kind" : "remoteSourceControl",
      "location" : "https://github.com/braze-inc/braze-swift-sdk",
      "state" : {
        "revision" : "c630122e490fb156be2971b1f24d790488d33ac5",
        "version" : "12.1.0"
      }
    },
    {
      "identity" : "facebook-ios-sdk",
      "kind" : "remoteSourceControl",
      "location" : "https://github.com/facebook/facebook-ios-sdk",
      "state" : {
        "revision" : "e14f349945ba3f9516e3292107f42be19fe9fbe5",
        "version" : "12.3.2"
      }
    },
    {
      "identity" : "firebase-ios-sdk",
      "kind" : "remoteSourceControl",
      "location" : "https://github.com/firebase/firebase-ios-sdk.git",
      "state" : {
        "revision" : "fdc352fabaf5916e7faa1f96ad02b1957e93e5a5",
        "version" : "11.15.0"
      }
    },
    {
      "identity" : "google-ads-on-device-conversion-ios-sdk",
      "kind" : "remoteSourceControl",
      "location" : "https://github.com/googleads/google-ads-on-device-conversion-ios-sdk",
      "state" : {
        "revision" : "a2d0f1f1666de591eb1a811f40b1706f5c63a2ed",
        "version" : "2.3.0"
      }
    },
    {
      "identity" : "googleappmeasurement",
      "kind" : "remoteSourceControl",
      "location" : "https://github.com/google/GoogleAppMeasurement.git",
      "state" : {
        "revision" : "45ce435e9406d3c674dd249a042b932bee006f60",
        "version" : "11.15.0"
      }
    },
    {
      "identity" : "googledatatransport",
      "kind" : "remoteSourceControl",
      "location" : "https://github.com/google/GoogleDataTransport.git",
      "state" : {
        "revision" : "617af071af9aa1d6a091d59a202910ac482128f9",
        "version" : "10.1.0"
      }
    },
    {
      "identity" : "googleutilities",
      "kind" : "remoteSourceControl",
      "location" : "https://github.com/google/GoogleUtilities.git",
      "state" : {
        "revision" : "60da361632d0de02786f709bdc0c4df340f7613e",
        "version" : "8.1.0"
      }
    },
    {
      "identity" : "grpc-binary",
      "kind" : "remoteSourceControl",
      "location" : "https://github.com/google/grpc-binary.git",
      "state" : {
        "revision" : "75b31c842f664a0f46a2e590a570e370249fd8f6",
        "version" : "1.69.1"
      }
    },
    {
      "identity" : "gtm-session-fetcher",
      "kind" : "remoteSourceControl",
      "location" : "https://github.com/google/gtm-session-fetcher.git",
      "state" : {
        "revision" : "c756a29784521063b6a1202907e2cc47f41b667c",
        "version" : "4.5.0"
      }
    },
    {
      "identity" : "interop-ios-for-google-sdks",
      "kind" : "remoteSourceControl",
      "location" : "https://github.com/google/interop-ios-for-google-sdks.git",
      "state" : {
        "revision" : "040d087ac2267d2ddd4cca36c757d1c6a05fdbfe",
        "version" : "101.0.0"
      }
    },
    {
      "identity" : "jsonsafeencoding-swift",
      "kind" : "remoteSourceControl",
      "location" : "https://github.com/segmentio/jsonsafeencoding-swift.git",
      "state" : {
        "revision" : "af6a8b360984085e36c6341b21ecb35c12f47ebd",
        "version" : "2.0.0"
      }
    },
    {
      "identity" : "kickstarter-prelude",
      "kind" : "remoteSourceControl",
      "location" : "https://github.com/kickstarter/Kickstarter-Prelude.git",
      "state" : {
        "revision" : "f3a2dc432e8d5fea7acddb90d57adb2e9d421f7e",
        "version" : "1.0.0"
      }
    },
    {
      "identity" : "kickstarter-reactiveextensions",
      "kind" : "remoteSourceControl",
      "location" : "https://github.com/kickstarter/Kickstarter-ReactiveExtensions",
      "state" : {
        "revision" : "36984ccbdbf1874728f801f29bc0e41706efdd0a",
        "version" : "2.0.0"
      }
    },
    {
      "identity" : "kingfisher",
      "kind" : "remoteSourceControl",
      "location" : "https://github.com/onevcat/Kingfisher",
      "state" : {
        "revision" : "c152c1915f60c51e4afa0752656993ee5b3c63db",
        "version" : "8.8.1"
      }
    },
    {
      "identity" : "kingfisherwebp",
      "kind" : "remoteSourceControl",
      "location" : "https://github.com/yeatse/KingfisherWebP.git",
      "state" : {
        "revision" : "6939874df4417cc37a05893ac2f27332e6668460",
        "version" : "1.7.3"
      }
    },
    {
      "identity" : "leveldb",
      "kind" : "remoteSourceControl",
      "location" : "https://github.com/firebase/leveldb.git",
      "state" : {
        "revision" : "a0bc79961d7be727d258d33d5a6b2f1023270ba1",
        "version" : "1.22.5"
      }
    },
    {
      "identity" : "libwebp-xcode",
      "kind" : "remoteSourceControl",
      "location" : "https://github.com/SDWebImage/libwebp-Xcode.git",
      "state" : {
        "revision" : "0d60654eeefd5d7d2bef3835804892c40225e8b2",
        "version" : "1.5.0"
      }
    },
    {
      "identity" : "lottie-ios",
      "kind" : "remoteSourceControl",
      "location" : "https://github.com/airbnb/lottie-ios.git",
      "state" : {
        "revision" : "0cb03fd7564d27345bcd96144b811e56212949c6",
        "version" : "4.6.0"
      }
    },
    {
      "identity" : "lrucache",
      "kind" : "remoteSourceControl",
      "location" : "https://github.com/nicklockwood/LRUCache.git",
      "state" : {
        "revision" : "cb5b2bd0da83ad29c0bec762d39f41c8ad0eaf3e",
        "version" : "1.2.1"
      }
    },
    {
      "identity" : "nanopb",
      "kind" : "remoteSourceControl",
      "location" : "https://github.com/firebase/nanopb.git",
      "state" : {
        "revision" : "b7e1104502eca3a213b46303391ca4d3bc8ddec1",
        "version" : "2.30910.0"
      }
    },
    {
      "identity" : "promises",
      "kind" : "remoteSourceControl",
      "location" : "https://github.com/google/promises.git",
      "state" : {
        "revision" : "540318ecedd63d883069ae7f1ed811a2df00b6ac",
        "version" : "2.4.0"
      }
    },
    {
      "identity" : "reactiveswift",
      "kind" : "remoteSourceControl",
      "location" : "https://github.com/ReactiveCocoa/ReactiveSwift",
      "state" : {
        "revision" : "a44317ce38b5bcce173b03f5d36cfdc939e1768b",
        "version" : "7.2.1"
      }
    },
    {
      "identity" : "sdwebimage",
      "kind" : "remoteSourceControl",
      "location" : "https://github.com/SDWebImage/SDWebImage.git",
      "state" : {
        "revision" : "2de3a496eaf6df9a1312862adcfd54acd73c39c0",
        "version" : "5.21.7"
      }
    },
    {
      "identity" : "sovran-swift",
      "kind" : "remoteSourceControl",
      "location" : "https://github.com/segmentio/sovran-swift.git",
      "state" : {
        "revision" : "24867f3e4ac62027db9827112135e6531b6f4051",
        "version" : "1.1.2"
      }
    },
    {
      "identity" : "sqlite.swift",
      "kind" : "remoteSourceControl",
      "location" : "https://github.com/stephencelis/SQLite.swift.git",
      "state" : {
        "revision" : "0c08856385fe24f7b76d8c51842d78a196e8e817",
        "version" : "0.15.5"
      }
    },
    {
      "identity" : "statsig-kit",
      "kind" : "remoteSourceControl",
      "location" : "https://github.com/statsig-io/statsig-kit.git",
      "state" : {
        "revision" : "ffe36d6d070b6f0c23524cc06eeb20d4100d258b",
        "version" : "1.62.5"
      }
    },
    {
      "identity" : "stripe-ios-spm",
      "kind" : "remoteSourceControl",
      "location" : "https://github.com/stripe/stripe-ios-spm",
      "state" : {
        "revision" : "653fc8cfc40b33740401f9bd9faa8588f9a53e5f",
        "version" : "23.32.0"
      }
    },
    {
      "identity" : "swift-atomics",
      "kind" : "remoteSourceControl",
      "location" : "https://github.com/apple/swift-atomics.git",
      "state" : {
        "revision" : "b601256eab081c0f92f059e12818ac1d4f178ff7",
        "version" : "1.3.0"
      }
    },
    {
      "identity" : "swift-custom-dump",
      "kind" : "remoteSourceControl",
      "location" : "https://github.com/pointfreeco/swift-custom-dump",
      "state" : {
        "revision" : "2a2a938798236b8fa0bc57c453ee9de9f9ec3ab0",
        "version" : "1.4.1"
      }
    },
    {
      "identity" : "swift-protobuf",
      "kind" : "remoteSourceControl",
      "location" : "https://github.com/apple/swift-protobuf.git",
      "state" : {
        "revision" : "81558271e243f8f47dfe8e9fdd55f3c2b5413f68",
        "version" : "1.37.0"
      }
    },
    {
      "identity" : "swift-snapshot-testing",
      "kind" : "remoteSourceControl",
      "location" : "https://github.com/pointfreeco/swift-snapshot-testing.git",
      "state" : {
        "revision" : "bf8d8c27f0f0c6d5e77bff0db76ab68f2050d15d",
        "version" : "1.18.9"
      }
    },
    {
      "identity" : "swift-syntax",
      "kind" : "remoteSourceControl",
      "location" : "https://github.com/swiftlang/swift-syntax",
      "state" : {
        "revision" : "4799286537280063c85a32f09884cfbca301b1a1",
        "version" : "602.0.0"
      }
    },
    {
      "identity" : "swiftsoup",
      "kind" : "remoteSourceControl",
      "location" : "https://github.com/scinfu/SwiftSoup",
      "state" : {
        "revision" : "d86f244ed497d48012782e2f59c985a55e77b3f5",
        "version" : "2.11.3"
      }
    },
    {
      "identity" : "xctest-dynamic-overlay",
      "kind" : "remoteSourceControl",
      "location" : "https://github.com/pointfreeco/xctest-dynamic-overlay",
      "state" : {
        "revision" : "dfd70507def84cb5fb821278448a262c6ff2bbad",
        "version" : "1.9.0"
      }
    }
  ],
  "version" : 3
}
